
Microsoft Visual Studio Solution File, Format Version 12.00
# Visual Studio Version 16
VisualStudioVersion = 16.0.29009.5
MinimumVisualStudioVersion = 10.0.40219.1
Project("{FAE04EC0-301F-11D3-BF4B-00C04F79EFBC}") = "VD1", "VD1\VD1.csproj", "{03658D97-E3F9-4D58-ADAD-9DC2671BE6EC}"
EndProject
Global
	GlobalSection(SolutionConfigurationPlatforms) = preSolution
		Debug|Any CPU = Debug|Any CPU
		Release|Any CPU = Release|Any CPU
	EndGlobalSection
	GlobalSection(ProjectConfigurationPlatforms) = postSolution
		{03658D97-E3F9-4D58-ADAD-9DC2671BE6EC}.Debug|Any CPU.ActiveCfg = Debug|Any CPU
		{03658D97-E3F9-4D58-ADAD-9DC2671BE6EC}.Debug|Any CPU.Build.0 = Debug|Any CPU
		{03658D97-E3F9-4D58-ADAD-9DC2671BE6EC}.Release|Any CPU.ActiveCfg = Release|Any CPU
		{03658D97-E3F9-4D58-ADAD-9DC2671BE6EC}.Release|Any CPU.Build.0 = Release|Any CPU
	EndGlobalSection
	GlobalSection(SolutionProperties) = preSolution
		HideSolutionNode = FALSE
	EndGlobalSection
	GlobalSection(ExtensibilityGlobals) = postSolution
		SolutionGuid = {878774BC-DB48-4699-B217-9B2E25E4C2CA}
	EndGlobalSection
EndGlobal
